
Microsoft Visual Studio Solution File, Format Version 12.00
# Visual Studio Version 17
VisualStudioVersion = 17.9.34616.47
MinimumVisualStudioVersion = 10.0.40219.1
Project("{8BC9CEB8-8B4A-11D0-8D11-00A0C91BC942}") = "ClassPointer", "ClassPointer\ClassPointer.vcxproj", "{5C288771-8CED-4F72-BD36-AFDBB94BE739}"
EndProject
Project("{8BC9CEB8-8B4A-11D0-8D11-00A0C91BC942}") = "PointerNew", "PointerNew\PointerNew.vcxproj", "{2E6C8F7C-29DF-4303-88A3-4789F3F9450E}"
EndProject
Project("{8BC9CEB8-8B4A-11D0-8D11-00A0C91BC942}") = "FriendClass", "FriendClass\FriendClass.vcxproj", "{F8994464-336A-44A6-8722-E34EAC2FD0F3}"
EndProject
Project("{8BC9CEB8-8B4A-11D0-8D11-00A0C91BC942}") = "FriendFunction", "FriendFunction\FriendFunction.vcxproj", "{C2F1A071-C28E-49CF-AAEF-5E7B0921A4F3}"
EndProject
Project("{8BC9CEB8-8B4A-11D0-8D11-00A0C91BC942}") = "FriendFunction2", "FriendFunction2\FriendFunction2.vcxproj", "{6438A21D-9515-44DF-A9DF-8252678C32A9}"
EndProject
Global
	GlobalSection(SolutionConfigurationPlatforms) = preSolution
		Debug|x64 = Debug|x64
		Debug|x86 = Debug|x86
		Release|x64 = Release|x64
		Release|x86 = Release|x86
	EndGlobalSection
	GlobalSection(ProjectConfigurationPlatforms) = postSolution
		{5C288771-8CED-4F72-BD36-AFDBB94BE739}.Debug|x64.ActiveCfg = Debug|x64
		{5C288771-8CED-4F72-BD36-AFDBB94BE739}.Debug|x64.Build.0 = Debug|x64
		{5C288771-8CED-4F72-BD36-AFDBB94BE739}.Debug|x86.ActiveCfg = Debug|Win32
		{5C288771-8CED-4F72-BD36-AFDBB94BE739}.Debug|x86.Build.0 = Debug|Win32
		{5C288771-8CED-4F72-BD36-AFDBB94BE739}.Release|x64.ActiveCfg = Release|x64
		{5C288771-8CED-4F72-BD36-AFDBB94BE739}.Release|x64.Build.0 = Release|x64
		{5C288771-8CED-4F72-BD36-AFDBB94BE739}.Release|x86.ActiveCfg = Release|Win32
		{5C288771-8CED-4F72-BD36-AFDBB94BE739}.Release|x86.Build.0 = Release|Win32
		{2E6C8F7C-29DF-4303-88A3-4789F3F9450E}.Debug|x64.ActiveCfg = Debug|x64
		{2E6C8F7C-29DF-4303-88A3-4789F3F9450E}.Debug|x64.Build.0 = Debug|x64
		{2E6C8F7C-29DF-4303-88A3-4789F3F9450E}.Debug|x86.ActiveCfg = Debug|Win32
		{2E6C8F7C-29DF-4303-88A3-4789F3F9450E}.Debug|x86.Build.0 = Debug|Win32
		{2E6C8F7C-29DF-4303-88A3-4789F3F9450E}.Release|x64.ActiveCfg = Release|x64
		{2E6C8F7C-29DF-4303-88A3-4789F3F9450E}.Release|x64.Build.0 = Release|x64
		{2E6C8F7C-29DF-4303-88A3-4789F3F9450E}.Release|x86.ActiveCfg = Release|Win32
		{2E6C8F7C-29DF-4303-88A3-4789F3F9450E}.Release|x86.Build.0 = Release|Win32
		{F8994464-336A-44A6-8722-E34EAC2FD0F3}.Debug|x64.ActiveCfg = Debug|x64
		{F8994464-336A-44A6-8722-E34EAC2FD0F3}.Debug|x64.Build.0 = Debug|x64
		{F8994464-336A-44A6-8722-E34EAC2FD0F3}.Debug|x86.ActiveCfg = Debug|Win32
		{F8994464-336A-44A6-8722-E34EAC2FD0F3}.Debug|x86.Build.0 = Debug|Win32
		{F8994464-336A-44A6-8722-E34EAC2FD0F3}.Release|x64.ActiveCfg = Release|x64
		{F8994464-336A-44A6-8722-E34EAC2FD0F3}.Release|x64.Build.0 = Release|x64
		{F8994464-336A-44A6-8722-E34EAC2FD0F3}.Release|x86.ActiveCfg = Release|Win32
		{F8994464-336A-44A6-8722-E34EAC2FD0F3}.Release|x86.Build.0 = Release|Win32
		{C2F1A071-C28E-49CF-AAEF-5E7B0921A4F3}.Debug|x64.ActiveCfg = Debug|x64
		{C2F1A071-C28E-49CF-AAEF-5E7B0921A4F3}.Debug|x64.Build.0 = Debug|x64
		{C2F1A071-C28E-49CF-AAEF-5E7B0921A4F3}.Debug|x86.ActiveCfg = Debug|Win32
		{C2F1A071-C28E-49CF-AAEF-5E7B0921A4F3}.Debug|x86.Build.0 = Debug|Win32
		{C2F1A071-C28E-49CF-AAEF-5E7B0921A4F3}.Release|x64.ActiveCfg = Release|x64
		{C2F1A071-C28E-49CF-AAEF-5E7B0921A4F3}.Release|x64.Build.0 = Release|x64
		{C2F1A071-C28E-49CF-AAEF-5E7B0921A4F3}.Release|x86.ActiveCfg = Release|Win32
		{C2F1A071-C28E-49CF-AAEF-5E7B0921A4F3}.Release|x86.Build.0 = Release|Win32
		{6438A21D-9515-44DF-A9DF-8252678C32A9}.Debug|x64.ActiveCfg = Debug|x64
		{6438A21D-9515-44DF-A9DF-8252678C32A9}.Debug|x64.Build.0 = Debug|x64
		{6438A21D-9515-44DF-A9DF-8252678C32A9}.Debug|x86.ActiveCfg = Debug|Win32
		{6438A21D-9515-44DF-A9DF-8252678C32A9}.Debug|x86.Build.0 = Debug|Win32
		{6438A21D-9515-44DF-A9DF-8252678C32A9}.Release|x64.ActiveCfg = Release|x64
		{6438A21D-9515-44DF-A9DF-8252678C32A9}.Release|x64.Build.0 = Release|x64
		{6438A21D-9515-44DF-A9DF-8252678C32A9}.Release|x86.ActiveCfg = Release|Win32
		{6438A21D-9515-44DF-A9DF-8252678C32A9}.Release|x86.Build.0 = Release|Win32
	EndGlobalSection
	GlobalSection(SolutionProperties) = preSolution
		HideSolutionNode = FALSE
	EndGlobalSection
	GlobalSection(ExtensibilityGlobals) = postSolution
		SolutionGuid = {4CBD50F7-4A6C-4972-8114-B5288547C510}
	EndGlobalSection
EndGlobal
